// !$*UTF8*$!
{
	archiveVersion = 1;
	classes = {
	};
	objectVersion = 77;
	objects = {

/* Begin PBXBuildFile section */
		42F0BC012D26840300F834DF /* SouthShoreTracker.h in Headers */ = {isa = PBXBuildFile; fileRef = 42F0BBFE2D26840300F834DF /* SouthShoreTracker.h */; settings = {ATTRIBUTES = (Public, ); }; };
		42F0BC022D26840300F834DF /* SouthShoreTracker.swift in Sources */ = {isa = PBXBuildFile; fileRef = 42F0BBFF2D26840300F834DF /* SouthShoreTracker.swift */; };
		42F0BC052D26840B00F834DF /* SSLStop.swift in Sources */ = {isa = PBXBuildFile; fileRef = 42F0BC042D26840A00F834DF /* SSLStop.swift */; };
		42F0BC072D268AAC00F834DF /* SSLVehicle.swift in Sources */ = {isa = PBXBuildFile; fileRef = 42F0BC062D268AAA00F834DF /* SSLVehicle.swift */; };
		42F0BC092D27088D00F834DF /* SSLArrival.swift in Sources */ = {isa = PBXBuildFile; fileRef = 42F0BC082D27088B00F834DF /* SSLArrival.swift */; };
		42F0BC0B2D270E5800F834DF /* SSLServiceAnnouncement.swift in Sources */ = {isa = PBXBuildFile; fileRef = 42F0BC0A2D270E5300F834DF /* SSLServiceAnnouncement.swift */; };
/* End PBXBuildFile section */

/* Begin PBXFileReference section */
		42F0BBE72D26811700F834DF /* SouthShoreTracker.framework */ = {isa = PBXFileReference; explicitFileType = wrapper.framework; includeInIndex = 0; path = SouthShoreTracker.framework; sourceTree = BUILT_PRODUCTS_DIR; };
		42F0BBFE2D26840300F834DF /* SouthShoreTracker.h */ = {isa = PBXFileReference; lastKnownFileType = sourcecode.c.h; path = SouthShoreTracker.h; sourceTree = "<group>"; };
		42F0BBFF2D26840300F834DF /* SouthShoreTracker.swift */ = {isa = PBXFileReference; lastKnownFileType = sourcecode.swift; path = SouthShoreTracker.swift; sourceTree = "<group>"; };
		42F0BC042D26840A00F834DF /* SSLStop.swift */ = {isa = PBXFileReference; lastKnownFileType = sourcecode.swift; path = SSLStop.swift; sourceTree = "<group>"; };
		42F0BC062D268AAA00F834DF /* SSLVehicle.swift */ = {isa = PBXFileReference; lastKnownFileType = sourcecode.swift; path = SSLVehicle.swift; sourceTree = "<group>"; };
		42F0BC082D27088B00F834DF /* SSLArrival.swift */ = {isa = PBXFileReference; lastKnownFileType = sourcecode.swift; path = SSLArrival.swift; sourceTree = "<group>"; };
		42F0BC0A2D270E5300F834DF /* SSLServiceAnnouncement.swift */ = {isa = PBXFileReference; lastKnownFileType = sourcecode.swift; path = SSLServiceAnnouncement.swift; sourceTree = "<group>"; };
/* End PBXFileReference section */

/* Begin PBXFrameworksBuildPhase section */
		42F0BBE42D26811700F834DF /* Frameworks */ = {
			isa = PBXFrameworksBuildPhase;
			buildActionMask = 2147483647;
			files = (
			);
			runOnlyForDeploymentPostprocessing = 0;
		};
/* End PBXFrameworksBuildPhase section */

/* Begin PBXGroup section */
		42F0BBDD2D26811700F834DF = {
			isa = PBXGroup;
			children = (
				42F0BC002D26840300F834DF /* SouthShoreTracker */,
				42F0BBE82D26811700F834DF /* Products */,
			);
			sourceTree = "<group>";
		};
		42F0BBE82D26811700F834DF /* Products */ = {
			isa = PBXGroup;
			children = (
				42F0BBE72D26811700F834DF /* SouthShoreTracker.framework */,
			);
			name = Products;
			sourceTree = "<group>";
		};
		42F0BC002D26840300F834DF /* SouthShoreTracker */ = {
			isa = PBXGroup;
			children = (
				42F0BC032D26840500F834DF /* Structs */,
				42F0BBFE2D26840300F834DF /* SouthShoreTracker.h */,
				42F0BBFF2D26840300F834DF /* SouthShoreTracker.swift */,
			);
			path = SouthShoreTracker;
			sourceTree = "<group>";
		};
		42F0BC032D26840500F834DF /* Structs */ = {
			isa = PBXGroup;
			children = (
				42F0BC0A2D270E5300F834DF /* SSLServiceAnnouncement.swift */,
				42F0BC082D27088B00F834DF /* SSLArrival.swift */,
				42F0BC062D268AAA00F834DF /* SSLVehicle.swift */,
				42F0BC042D26840A00F834DF /* SSLStop.swift */,
			);
			path = Structs;
			sourceTree = "<group>";
		};
/* End PBXGroup section */

/* Begin PBXHeadersBuildPhase section */
		42F0BBE22D26811700F834DF /* Headers */ = {
			isa = PBXHeadersBuildPhase;
			buildActionMask = 2147483647;
			files = (
				42F0BC012D26840300F834DF /* SouthShoreTracker.h in Headers */,
			);
			runOnlyForDeploymentPostprocessing = 0;
		};
/* End PBXHeadersBuildPhase section */

/* Begin PBXNativeTarget section */
		42F0BBE62D26811700F834DF /* SouthShoreTracker */ = {
			isa = PBXNativeTarget;
			buildConfigurationList = 42F0BBED2D26811700F834DF /* Build configuration list for PBXNativeTarget "SouthShoreTracker" */;
			buildPhases = (
				42F0BBE22D26811700F834DF /* Headers */,
				42F0BBE32D26811700F834DF /* Sources */,
				42F0BBE42D26811700F834DF /* Frameworks */,
				42F0BBE52D26811700F834DF /* Resources */,
			);
			buildRules = (
			);
			dependencies = (
			);
			name = SouthShoreTracker;
			packageProductDependencies = (
			);
			productName = SouthShoreTracker;
			productReference = 42F0BBE72D26811700F834DF /* SouthShoreTracker.framework */;
			productType = "com.apple.product-type.framework";
		};
/* End PBXNativeTarget section */

/* Begin PBXProject section */
		42F0BBDE2D26811700F834DF /* Project object */ = {
			isa = PBXProject;
			attributes = {
				BuildIndependentTargetsInParallel = 1;
				LastUpgradeCheck = 1620;
				TargetAttributes = {
					42F0BBE62D26811700F834DF = {
						CreatedOnToolsVersion = 16.2;
						LastSwiftMigration = 1620;
					};
				};
			};
			buildConfigurationList = 42F0BBE12D26811700F834DF /* Build configuration list for PBXProject "SouthShoreTracker" */;
			developmentRegion = en;
			hasScannedForEncodings = 0;
			knownRegions = (
				en,
				Base,
			);
			mainGroup = 42F0BBDD2D26811700F834DF;
			minimizedProjectReferenceProxies = 1;
			preferredProjectObjectVersion = 77;
			productRefGroup = 42F0BBE82D26811700F834DF /* Products */;
			projectDirPath = "";
			projectRoot = "";
			targets = (
				42F0BBE62D26811700F834DF /* SouthShoreTracker */,
			);
		};
/* End PBXProject section */

/* Begin PBXResourcesBuildPhase section */
		42F0BBE52D26811700F834DF /* Resources */ = {
			isa = PBXResourcesBuildPhase;
			buildActionMask = 2147483647;
			files = (
			);
			runOnlyForDeploymentPostprocessing = 0;
		};
/* End PBXResourcesBuildPhase section */

/* Begin PBXSourcesBuildPhase section */
		42F0BBE32D26811700F834DF /* Sources */ = {
			isa = PBXSourcesBuildPhase;
			buildActionMask = 2147483647;
			files = (
				42F0BC052D26840B00F834DF /* SSLStop.swift in Sources */,
				42F0BC0B2D270E5800F834DF /* SSLServiceAnnouncement.swift in Sources */,
				42F0BC022D26840300F834DF /* SouthShoreTracker.swift in Sources */,
				42F0BC092D27088D00F834DF /* SSLArrival.swift in Sources */,
				42F0BC072D268AAC00F834DF /* SSLVehicle.swift in Sources */,
			);
			runOnlyForDeploymentPostprocessing = 0;
		};
/* End PBXSourcesBuildPhase section */

/* Begin XCBuildConfiguration section */
		42F0BBEE2D26811700F834DF /* Debug */ = {
			isa = XCBuildConfiguration;
			buildSettings = {
				BUILD_LIBRARY_FOR_DISTRIBUTION = YES;
				CLANG_ENABLE_MODULES = YES;
				CODE_SIGN_STYLE = Automatic;
				COMBINE_HIDPI_IMAGES = YES;
				CURRENT_PROJECT_VERSION = 1;
				DEFINES_MODULE = YES;
				DYLIB_COMPATIBILITY_VERSION = 1;
				DYLIB_CURRENT_VERSION = 1;
				DYLIB_INSTALL_NAME_BASE = "@rpath";
				ENABLE_MODULE_VERIFIER = YES;
				GENERATE_INFOPLIST_FILE = YES;
				INFOPLIST_KEY_NSHumanReadableCopyright = "";
				INSTALL_PATH = "$(LOCAL_LIBRARY_DIR)/Frameworks";
				LD_RUNPATH_SEARCH_PATHS = (
					"$(inherited)",
					"@executable_path/../Frameworks",
					"@loader_path/Frameworks",
				);
				MACOSX_DEPLOYMENT_TARGET = 11.0;
				MARKETING_VERSION = 1.0;
				MODULE_VERIFIER_SUPPORTED_LANGUAGES = "objective-c objective-c++";
				MODULE_VERIFIER_SUPPORTED_LANGUAGE_STANDARDS = "gnu17 gnu++20";
				PRODUCT_BUNDLE_IDENTIFIER = com.whitetailani.SouthShoreTracker;
				PRODUCT_NAME = "$(TARGET_NAME:c99extidentifier)";
				SKIP_INSTALL = YES;
				SWIFT_EMIT_LOC_STRINGS = YES;
				SWIFT_INSTALL_OBJC_HEADER = NO;
				SWIFT_OPTIMIZATION_LEVEL = "-Onone";
				SWIFT_VERSION = 5.0;
			};
			name = Debug;
		};
		42F0BBEF2D26811700F834DF /* Release */ = {
			isa = XCBuildConfiguration;
			buildSettings = {
				BUILD_LIBRARY_FOR_DISTRIBUTION = YES;
				CLANG_ENABLE_MODULES = YES;
				CODE_SIGN_STYLE = Automatic;
				COMBINE_HIDPI_IMAGES = YES;
				CURRENT_PROJECT_VERSION = 1;
				DEFINES_MODULE = YES;
				DYLIB_COMPATIBILITY_VERSION = 1;
				DYLIB_CURRENT_VERSION = 1;
				DYLIB_INSTALL_NAME_BASE = "@rpath";
				ENABLE_MODULE_VERIFIER = YES;
				GENERATE_INFOPLIST_FILE = YES;
				INFOPLIST_KEY_NSHumanReadableCopyright = "";
				INSTALL_PATH = "$(LOCAL_LIBRARY_DIR)/Frameworks";
				LD_RUNPATH_SEARCH_PATHS = (
					"$(inherited)",
					"@executable_path/../Frameworks",
					"@loader_path/Frameworks",
				);
				MACOSX_DEPLOYMENT_TARGET = 11.0;
				MARKETING_VERSION = 1.0;
				MODULE_VERIFIER_SUPPORTED_LANGUAGES = "objective-c objective-c++";
				MODULE_VERIFIER_SUPPORTED_LANGUAGE_STANDARDS = "gnu17 gnu++20";
				PRODUCT_BUNDLE_IDENTIFIER = com.whitetailani.SouthShoreTracker;
				PRODUCT_NAME = "$(TARGET_NAME:c99extidentifier)";
				SKIP_INSTALL = YES;
				SWIFT_EMIT_LOC_STRINGS = YES;
				SWIFT_INSTALL_OBJC_HEADER = NO;
				SWIFT_VERSION = 5.0;
			};
			name = Release;
		};
		42F0BBF02D26811700F834DF /* Debug */ = {
			isa = XCBuildConfiguration;
			buildSettings = {
				ALWAYS_SEARCH_USER_PATHS = NO;
				ASSETCATALOG_COMPILER_GENERATE_SWIFT_ASSET_SYMBOL_EXTENSIONS = YES;
				CLANG_ANALYZER_NONNULL = YES;
				CLANG_ANALYZER_NUMBER_OBJECT_CONVERSION = YES_AGGRESSIVE;
				CLANG_CXX_LANGUAGE_STANDARD = "gnu++20";
				CLANG_ENABLE_MODULES = YES;
				CLANG_ENABLE_OBJC_ARC = YES;
				CLANG_ENABLE_OBJC_WEAK = YES;
				CLANG_WARN_BLOCK_CAPTURE_AUTORELEASING = YES;
				CLANG_WARN_BOOL_CONVERSION = YES;
				CLANG_WARN_COMMA = YES;
				CLANG_WARN_CONSTANT_CONVERSION = YES;
				CLANG_WARN_DEPRECATED_OBJC_IMPLEMENTATIONS = YES;
				CLANG_WARN_DIRECT_OBJC_ISA_USAGE = YES_ERROR;
				CLANG_WARN_DOCUMENTATION_COMMENTS = YES;
				CLANG_WARN_EMPTY_BODY = YES;
				CLANG_WARN_ENUM_CONVERSION = YES;
				CLANG_WARN_INFINITE_RECURSION = YES;
				CLANG_WARN_INT_CONVERSION = YES;
				CLANG_WARN_NON_LITERAL_NULL_CONVERSION = YES;
				CLANG_WARN_OBJC_IMPLICIT_RETAIN_SELF = YES;
				CLANG_WARN_OBJC_LITERAL_CONVERSION = YES;
				CLANG_WARN_OBJC_ROOT_CLASS = YES_ERROR;
				CLANG_WARN_QUOTED_INCLUDE_IN_FRAMEWORK_HEADER = YES;
				CLANG_WARN_RANGE_LOOP_ANALYSIS = YES;
				CLANG_WARN_STRICT_PROTOTYPES = YES;
				CLANG_WARN_SUSPICIOUS_MOVE = YES;
				CLANG_WARN_UNGUARDED_AVAILABILITY = YES_AGGRESSIVE;
				CLANG_WARN_UNREACHABLE_CODE = YES;
				CLANG_WARN__DUPLICATE_METHOD_MATCH = YES;
				COPY_PHASE_STRIP = NO;
				CURRENT_PROJECT_VERSION = 1;
				DEBUG_INFORMATION_FORMAT = dwarf;
				ENABLE_STRICT_OBJC_MSGSEND = YES;
				ENABLE_TESTABILITY = YES;
				ENABLE_USER_SCRIPT_SANDBOXING = YES;
				GCC_C_LANGUAGE_STANDARD = gnu17;
				GCC_DYNAMIC_NO_PIC = NO;
				GCC_NO_COMMON_BLOCKS = YES;
				GCC_OPTIMIZATION_LEVEL = 0;
				GCC_PREPROCESSOR_DEFINITIONS = (
					"DEBUG=1",
					"$(inherited)",
				);
				GCC_WARN_64_TO_32_BIT_CONVERSION = YES;
				GCC_WARN_ABOUT_RETURN_TYPE = YES_ERROR;
				GCC_WARN_UNDECLARED_SELECTOR = YES;
				GCC_WARN_UNINITIALIZED_AUTOS = YES_AGGRESSIVE;
				GCC_WARN_UNUSED_FUNCTION = YES;
				GCC_WARN_UNUSED_VARIABLE = YES;
				LOCALIZATION_PREFERS_STRING_CATALOGS = YES;
				MACOSX_DEPLOYMENT_TARGET = 15.2;
				MTL_ENABLE_DEBUG_INFO = INCLUDE_SOURCE;
				MTL_FAST_MATH = YES;
				ONLY_ACTIVE_ARCH = YES;
				SDKROOT = macosx;
				SWIFT_ACTIVE_COMPILATION_CONDITIONS = "DEBUG $(inherited)";
				SWIFT_OPTIMIZATION_LEVEL = "-Onone";
				VERSIONING_SYSTEM = "apple-generic";
				VERSION_INFO_PREFIX = "";
			};
			name = Debug;
		};
		42F0BBF12D26811700F834DF /* Release */ = {
			isa = XCBuildConfiguration;
			buildSettings = {
				ALWAYS_SEARCH_USER_PATHS = NO;
				ASSETCATALOG_COMPILER_GENERATE_SWIFT_ASSET_SYMBOL_EXTENSIONS = YES;
				CLANG_ANALYZER_NONNULL = YES;
				CLANG_ANALYZER_NUMBER_OBJECT_CONVERSION = YES_AGGRESSIVE;
				CLANG_CXX_LANGUAGE_STANDARD = "gnu++20";
				CLANG_ENABLE_MODULES = YES;
				CLANG_ENABLE_OBJC_ARC = YES;
				CLANG_ENABLE_OBJC_WEAK = YES;
				CLANG_WARN_BLOCK_CAPTURE_AUTORELEASING = YES;
				CLANG_WARN_BOOL_CONVERSION = YES;
				CLANG_WARN_COMMA = YES;
				CLANG_WARN_CONSTANT_CONVERSION = YES;
				CLANG_WARN_DEPRECATED_OBJC_IMPLEMENTATIONS = YES;
				CLANG_WARN_DIRECT_OBJC_ISA_USAGE = YES_ERROR;
				CLANG_WARN_DOCUMENTATION_COMMENTS = YES;
				CLANG_WARN_EMPTY_BODY = YES;
				CLANG_WARN_ENUM_CONVERSION = YES;
				CLANG_WARN_INFINITE_RECURSION = YES;
				CLANG_WARN_INT_CONVERSION = YES;
				CLANG_WARN_NON_LITERAL_NULL_CONVERSION = YES;
				CLANG_WARN_OBJC_IMPLICIT_RETAIN_SELF = YES;
				CLANG_WARN_OBJC_LITERAL_CONVERSION = YES;
				CLANG_WARN_OBJC_ROOT_CLASS = YES_ERROR;
				CLANG_WARN_QUOTED_INCLUDE_IN_FRAMEWORK_HEADER = YES;
				CLANG_WARN_RANGE_LOOP_ANALYSIS = YES;
				CLANG_WARN_STRICT_PROTOTYPES = YES;
				CLANG_WARN_SUSPICIOUS_MOVE = YES;
				CLANG_WARN_UNGUARDED_AVAILABILITY = YES_AGGRESSIVE;
				CLANG_WARN_UNREACHABLE_CODE = YES;
				CLANG_WARN__DUPLICATE_METHOD_MATCH = YES;
				COPY_PHASE_STRIP = NO;
				CURRENT_PROJECT_VERSION = 1;
				DEBUG_INFORMATION_FORMAT = "dwarf-with-dsym";
				ENABLE_NS_ASSERTIONS = NO;
				ENABLE_STRICT_OBJC_MSGSEND = YES;
				ENABLE_USER_SCRIPT_SANDBOXING = YES;
				GCC_C_LANGUAGE_STANDARD = gnu17;
				GCC_NO_COMMON_BLOCKS = YES;
				GCC_WARN_64_TO_32_BIT_CONVERSION = YES;
				GCC_WARN_ABOUT_RETURN_TYPE = YES_ERROR;
				GCC_WARN_UNDECLARED_SELECTOR = YES;
				GCC_WARN_UNINITIALIZED_AUTOS = YES_AGGRESSIVE;
				GCC_WARN_UNUSED_FUNCTION = YES;
				GCC_WARN_UNUSED_VARIABLE = YES;
				LOCALIZATION_PREFERS_STRING_CATALOGS = YES;
				MACOSX_DEPLOYMENT_TARGET = 15.2;
				MTL_ENABLE_DEBUG_INFO = NO;
				MTL_FAST_MATH = YES;
				SDKROOT = macosx;
				SWIFT_COMPILATION_MODE = wholemodule;
				VERSIONING_SYSTEM = "apple-generic";
				VERSION_INFO_PREFIX = "";
			};
			name = Release;
		};
/* End XCBuildConfiguration section */

/* Begin XCConfigurationList section */
		42F0BBE12D26811700F834DF /* Build configuration list for PBXProject "SouthShoreTracker" */ = {
			isa = XCConfigurationList;
			buildConfigurations = (
				42F0BBF02D26811700F834DF /* Debug */,
				42F0BBF12D26811700F834DF /* Release */,
			);
			defaultConfigurationIsVisible = 0;
			defaultConfigurationName = Release;
		};
		42F0BBED2D26811700F834DF /* Build configuration list for PBXNativeTarget "SouthShoreTracker" */ = {
			isa = XCConfigurationList;
			buildConfigurations = (
				42F0BBEE2D26811700F834DF /* Debug */,
				42F0BBEF2D26811700F834DF /* Release */,
			);
			defaultConfigurationIsVisible = 0;
			defaultConfigurationName = Release;
		};
/* End XCConfigurationList section */
	};
	rootObject = 42F0BBDE2D26811700F834DF /* Project object */;
}
